# THIS IS AN AUTOGENERATED FILE. DO NOT EDIT THIS FILE DIRECTLY.
# yarn lockfile v1


iso-language-converter@^1.1.0:
  version "1.1.0"
  resolved "https://registry.yarnpkg.com/iso-language-converter/-/iso-language-converter-1.1.0.tgz#29533b7744f6894d4706e98bcea06218ad858082"
  integrity sha512-9M4ZR32zGapgB+TJIhvFfgpMKQwnGxZ83f+bAs7Z3ObXe51UFx0mbKL1+Sw6idCE5ehzuOwv1BXa//ndvxuvZA==
